PODS:
  - Flutter (1.0.0)
  - flutter_plugin_android_lifecycle (0.0.1):
    - Flutter
  - google_maps_flutter (0.0.1):
    - Flutter
    - GoogleMaps
  - GoogleMaps (2.7.0):
    - GoogleMaps/Maps (= 2.7.0)
  - GoogleMaps/Base (2.7.0)
  - GoogleMaps/Maps (2.7.0):
    - GoogleMaps/Base

DEPENDENCIES:
  - Flutter (from `Flutter`)
  - flutter_plugin_android_lifecycle (from `.symlinks/plugins/flutter_plugin_android_lifecycle/ios`)
  - google_maps_flutter (from `.symlinks/plugins/google_maps_flutter/ios`)

SPEC REPOS:
  trunk:
    - GoogleMaps

EXTERNAL SOURCES:
  Flutter:
    :path: Flutter
  flutter_plugin_android_lifecycle:
    :path: ".symlinks/plugins/flutter_plugin_android_lifecycle/ios"
  google_maps_flutter:
    :path: ".symlinks/plugins/google_maps_flutter/ios"

SPEC CHECKSUMS:
  Flutter: 0e3d915762c693b495b44d77113d4970485de6ec
  flutter_plugin_android_lifecycle: dc0b544e129eebb77a6bfb1239d4d1c673a60a35
  google_maps_flutter: df4e7de95264aa0a2f11aac0fc7e313acb8ffc7e
  GoogleMaps: f79af95cb24d869457b1f961c93d3ce8b2f3b848

PODFILE CHECKSUM: c34e2287a9ccaa606aeceab922830efb9a6ff69a

COCOAPODS: 1.8.4
